{
  "version": 4,
  "terraform_version": "1.2.9",
  "serial": 22,
  "lineage": "fa784c85-507f-755e-b5e2-2165ac525b88",
  "outputs": {},
  "resources": [
    {
      "mode": "managed",
      "type": "azurerm_private_dns_zone_virtual_network_link",
      "name": "virtual_network_link_example",
      "provider": "provider[\"registry.terraform.io/hashicorp/azurerm\"]",
      "instances": []
    },
    {
      "mode": "managed",
      "type": "azurerm_private_endpoint",
      "name": "redis_pe_example",
      "provider": "provider[\"registry.terraform.io/hashicorp/azurerm\"]",
      "instances": []
    },
    {
      "mode": "managed",
      "type": "azurerm_resource_group",
      "name": "Elastic_Search_Group",
      "provider": "provider[\"registry.terraform.io/hashicorp/azurerm\"]",
      "instances": [
        {
          "schema_version": 0,
          "attributes": {
            "id": "/subscriptions/ad97bd75-d7fd-4a83-ace8-9e677dc9cf65/resourceGroups/tp-rg2",
            "location": "centralindia",
            "name": "tp-rg2",
            "tags": {
              "name": "tp-rg2"
            },
            "timeouts": null
          },
          "sensitive_attributes": [],
          "private": "eyJlMmJmYjczMC1lY2FhLTExZTYtOGY4OC0zNDM2M2JjN2M0YzAiOnsiY3JlYXRlIjo1NDAwMDAwMDAwMDAwLCJkZWxldGUiOjU0MDAwMDAwMDAwMDAsInJlYWQiOjMwMDAwMDAwMDAwMCwidXBkYXRlIjo1NDAwMDAwMDAwMDAwfX0="
        }
      ]
    },
    {
      "mode": "managed",
      "type": "azurerm_resource_group",
      "name": "Main_Resource_group",
      "provider": "provider[\"registry.terraform.io/hashicorp/azurerm\"]",
      "instances": [
        {
          "schema_version": 0,
          "attributes": {
            "id": "/subscriptions/ad97bd75-d7fd-4a83-ace8-9e677dc9cf65/resourceGroups/tp-rg",
            "location": "centralindia",
            "name": "tp-rg",
            "tags": {
              "name": "tp-rg"
            },
            "timeouts": null
          },
          "sensitive_attributes": [],
          "private": "eyJlMmJmYjczMC1lY2FhLTExZTYtOGY4OC0zNDM2M2JjN2M0YzAiOnsiY3JlYXRlIjo1NDAwMDAwMDAwMDAwLCJkZWxldGUiOjU0MDAwMDAwMDAwMDAsInJlYWQiOjMwMDAwMDAwMDAwMCwidXBkYXRlIjo1NDAwMDAwMDAwMDAwfX0="
        }
      ]
    },
    {
      "mode": "managed",
      "type": "azurerm_storage_account",
      "name": "tpstorage",
      "provider": "provider[\"registry.terraform.io/hashicorp/azurerm\"]",
      "instances": [
        {
          "schema_version": 3,
          "attributes": {
            "access_tier": "Hot",
            "account_kind": "StorageV2",
            "account_replication_type": "LRS",
            "account_tier": "Standard",
            "allow_nested_items_to_be_public": true,
            "azure_files_authentication": [],
            "blob_properties": [
              {
                "change_feed_enabled": false,
                "change_feed_retention_in_days": 0,
                "container_delete_retention_policy": [],
                "cors_rule": [],
                "default_service_version": "",
                "delete_retention_policy": [],
                "last_access_time_enabled": false,
                "versioning_enabled": false
              }
            ],
            "cross_tenant_replication_enabled": true,
            "custom_domain": [],
            "customer_managed_key": [],
            "default_to_oauth_authentication": false,
            "edge_zone": "",
            "enable_https_traffic_only": true,
            "id": "/subscriptions/ad97bd75-d7fd-4a83-ace8-9e677dc9cf65/resourceGroups/tp-rg/providers/Microsoft.Storage/storageAccounts/tpterrastorage",
            "identity": [],
            "infrastructure_encryption_enabled": false,
            "is_hns_enabled": false,
            "large_file_share_enabled": null,
            "location": "centralindia",
            "min_tls_version": "TLS1_2",
            "name": "tpterrastorage",
            "network_rules": [
              {
                "bypass": [
                  "AzureServices"
                ],
                "default_action": "Allow",
                "ip_rules": [],
                "private_link_access": [],
                "virtual_network_subnet_ids": []
              }
            ],
            "nfsv3_enabled": false,
            "primary_access_key": "o/qVZrUbiVTSw83hbdSyddo/67Di7ZCUqRJa2uhQwpdJ+qT4/z/eQsq3QJEBL1ZXhRTXuKdU3MJf+AStxsOffg==",
            "primary_blob_connection_string": "DefaultEndpointsProtocol=https;BlobEndpoint=https://tpterrastorage.blob.core.windows.net/;AccountName=tpterrastorage;AccountKey=o/qVZrUbiVTSw83hbdSyddo/67Di7ZCUqRJa2uhQwpdJ+qT4/z/eQsq3QJEBL1ZXhRTXuKdU3MJf+AStxsOffg==",
            "primary_blob_endpoint": "https://tpterrastorage.blob.core.windows.net/",
            "primary_blob_host": "tpterrastorage.blob.core.windows.net",
            "primary_connection_string": "DefaultEndpointsProtocol=https;AccountName=tpterrastorage;AccountKey=o/qVZrUbiVTSw83hbdSyddo/67Di7ZCUqRJa2uhQwpdJ+qT4/z/eQsq3QJEBL1ZXhRTXuKdU3MJf+AStxsOffg==;EndpointSuffix=core.windows.net",
            "primary_dfs_endpoint": "https://tpterrastorage.dfs.core.windows.net/",
            "primary_dfs_host": "tpterrastorage.dfs.core.windows.net",
            "primary_file_endpoint": "https://tpterrastorage.file.core.windows.net/",
            "primary_file_host": "tpterrastorage.file.core.windows.net",
            "primary_location": "centralindia",
            "primary_queue_endpoint": "https://tpterrastorage.queue.core.windows.net/",
            "primary_queue_host": "tpterrastorage.queue.core.windows.net",
            "primary_table_endpoint": "https://tpterrastorage.table.core.windows.net/",
            "primary_table_host": "tpterrastorage.table.core.windows.net",
            "primary_web_endpoint": "https://tpterrastorage.z29.web.core.windows.net/",
            "primary_web_host": "tpterrastorage.z29.web.core.windows.net",
            "public_network_access_enabled": true,
            "queue_encryption_key_type": "Service",
            "queue_properties": [
              {
                "cors_rule": [],
                "hour_metrics": [
                  {
                    "enabled": true,
                    "include_apis": true,
                    "retention_policy_days": 7,
                    "version": "1.0"
                  }
                ],
                "logging": [
                  {
                    "delete": false,
                    "read": false,
                    "retention_policy_days": 0,
                    "version": "1.0",
                    "write": false
                  }
                ],
                "minute_metrics": [
                  {
                    "enabled": false,
                    "include_apis": false,
                    "retention_policy_days": 0,
                    "version": "1.0"
                  }
                ]
              }
            ],
            "resource_group_name": "tp-rg",
            "routing": [],
            "secondary_access_key": "+NJWF+xg6oE3QXPq2fPkIaBN1Ano/HYfWu9hjqqdR06u9oFPI0pGGkh5y7iT3f7O/30jHgHr7rga+AStXo+CMQ==",
            "secondary_blob_connection_string": "",
            "secondary_blob_endpoint": null,
            "secondary_blob_host": null,
            "secondary_connection_string": "DefaultEndpointsProtocol=https;AccountName=tpterrastorage;AccountKey=+NJWF+xg6oE3QXPq2fPkIaBN1Ano/HYfWu9hjqqdR06u9oFPI0pGGkh5y7iT3f7O/30jHgHr7rga+AStXo+CMQ==;EndpointSuffix=core.windows.net",
            "secondary_dfs_endpoint": null,
            "secondary_dfs_host": null,
            "secondary_file_endpoint": null,
            "secondary_file_host": null,
            "secondary_location": "",
            "secondary_queue_endpoint": null,
            "secondary_queue_host": null,
            "secondary_table_endpoint": null,
            "secondary_table_host": null,
            "secondary_web_endpoint": null,
            "secondary_web_host": null,
            "share_properties": [
              {
                "cors_rule": [],
                "retention_policy": [
                  {
                    "days": 7
                  }
                ],
                "smb": []
              }
            ],
            "shared_access_key_enabled": true,
            "static_website": [],
            "table_encryption_key_type": "Service",
            "tags": {
              "name": "tpterrastorage"
            },
            "timeouts": null
          },
          "sensitive_attributes": [],
          "private": "eyJlMmJmYjczMC1lY2FhLTExZTYtOGY4OC0zNDM2M2JjN2M0YzAiOnsiY3JlYXRlIjozNjAwMDAwMDAwMDAwLCJkZWxldGUiOjM2MDAwMDAwMDAwMDAsInJlYWQiOjMwMDAwMDAwMDAwMCwidXBkYXRlIjozNjAwMDAwMDAwMDAwfSwic2NoZW1hX3ZlcnNpb24iOiIzIn0=",
          "dependencies": [
            "azurerm_resource_group.Main_Resource_group"
          ]
        }
      ]
    },
    {
      "mode": "managed",
      "type": "azurerm_storage_account",
      "name": "tpstorage2",
      "provider": "provider[\"registry.terraform.io/hashicorp/azurerm\"]",
      "instances": [
        {
          "schema_version": 3,
          "attributes": {
            "access_tier": "Hot",
            "account_kind": "StorageV2",
            "account_replication_type": "LRS",
            "account_tier": "Standard",
            "allow_nested_items_to_be_public": true,
            "azure_files_authentication": [],
            "blob_properties": [
              {
                "change_feed_enabled": false,
                "change_feed_retention_in_days": 0,
                "container_delete_retention_policy": [],
                "cors_rule": [],
                "default_service_version": "",
                "delete_retention_policy": [],
                "last_access_time_enabled": false,
                "versioning_enabled": false
              }
            ],
            "cross_tenant_replication_enabled": true,
            "custom_domain": [],
            "customer_managed_key": [],
            "default_to_oauth_authentication": false,
            "edge_zone": "",
            "enable_https_traffic_only": true,
            "id": "/subscriptions/ad97bd75-d7fd-4a83-ace8-9e677dc9cf65/resourceGroups/tp-rg/providers/Microsoft.Storage/storageAccounts/tpterrastorag2",
            "identity": [],
            "infrastructure_encryption_enabled": false,
            "is_hns_enabled": false,
            "large_file_share_enabled": null,
            "location": "centralindia",
            "min_tls_version": "TLS1_2",
            "name": "tpterrastorag2",
            "network_rules": [
              {
                "bypass": [
                  "AzureServices"
                ],
                "default_action": "Allow",
                "ip_rules": [],
                "private_link_access": [],
                "virtual_network_subnet_ids": []
              }
            ],
            "nfsv3_enabled": false,
            "primary_access_key": "bxKtUeA16P15xojA/ui8JllVkc/TRQyukN0dDxUZgQPuiT605TbE22+aRhVPxu0QtlZvcuwH3KpW+AStT4fXQg==",
            "primary_blob_connection_string": "DefaultEndpointsProtocol=https;BlobEndpoint=https://tpterrastorag2.blob.core.windows.net/;AccountName=tpterrastorag2;AccountKey=bxKtUeA16P15xojA/ui8JllVkc/TRQyukN0dDxUZgQPuiT605TbE22+aRhVPxu0QtlZvcuwH3KpW+AStT4fXQg==",
            "primary_blob_endpoint": "https://tpterrastorag2.blob.core.windows.net/",
            "primary_blob_host": "tpterrastorag2.blob.core.windows.net",
            "primary_connection_string": "DefaultEndpointsProtocol=https;AccountName=tpterrastorag2;AccountKey=bxKtUeA16P15xojA/ui8JllVkc/TRQyukN0dDxUZgQPuiT605TbE22+aRhVPxu0QtlZvcuwH3KpW+AStT4fXQg==;EndpointSuffix=core.windows.net",
            "primary_dfs_endpoint": "https://tpterrastorag2.dfs.core.windows.net/",
            "primary_dfs_host": "tpterrastorag2.dfs.core.windows.net",
            "primary_file_endpoint": "https://tpterrastorag2.file.core.windows.net/",
            "primary_file_host": "tpterrastorag2.file.core.windows.net",
            "primary_location": "centralindia",
            "primary_queue_endpoint": "https://tpterrastorag2.queue.core.windows.net/",
            "primary_queue_host": "tpterrastorag2.queue.core.windows.net",
            "primary_table_endpoint": "https://tpterrastorag2.table.core.windows.net/",
            "primary_table_host": "tpterrastorag2.table.core.windows.net",
            "primary_web_endpoint": "https://tpterrastorag2.z29.web.core.windows.net/",
            "primary_web_host": "tpterrastorag2.z29.web.core.windows.net",
            "public_network_access_enabled": true,
            "queue_encryption_key_type": "Service",
            "queue_properties": [
              {
                "cors_rule": [],
                "hour_metrics": [
                  {
                    "enabled": true,
                    "include_apis": true,
                    "retention_policy_days": 7,
                    "version": "1.0"
                  }
                ],
                "logging": [
                  {
                    "delete": false,
                    "read": false,
                    "retention_policy_days": 0,
                    "version": "1.0",
                    "write": false
                  }
                ],
                "minute_metrics": [
                  {
                    "enabled": false,
                    "include_apis": false,
                    "retention_policy_days": 0,
                    "version": "1.0"
                  }
                ]
              }
            ],
            "resource_group_name": "tp-rg",
            "routing": [],
            "secondary_access_key": "jeiskJllsgqnUW0wI4/lK3CzDhCMzgssmOAUYs8oeud0SfvAAvpF3Z0EtN3UVoVIu1XTZe5Jedb3+AStwB/fPg==",
            "secondary_blob_connection_string": "",
            "secondary_blob_endpoint": null,
            "secondary_blob_host": null,
            "secondary_connection_string": "DefaultEndpointsProtocol=https;AccountName=tpterrastorag2;AccountKey=jeiskJllsgqnUW0wI4/lK3CzDhCMzgssmOAUYs8oeud0SfvAAvpF3Z0EtN3UVoVIu1XTZe5Jedb3+AStwB/fPg==;EndpointSuffix=core.windows.net",
            "secondary_dfs_endpoint": null,
            "secondary_dfs_host": null,
            "secondary_file_endpoint": null,
            "secondary_file_host": null,
            "secondary_location": "",
            "secondary_queue_endpoint": null,
            "secondary_queue_host": null,
            "secondary_table_endpoint": null,
            "secondary_table_host": null,
            "secondary_web_endpoint": null,
            "secondary_web_host": null,
            "share_properties": [
              {
                "cors_rule": [],
                "retention_policy": [
                  {
                    "days": 7
                  }
                ],
                "smb": []
              }
            ],
            "shared_access_key_enabled": true,
            "static_website": [],
            "table_encryption_key_type": "Service",
            "tags": {
              "name": "tpterrastorag2"
            },
            "timeouts": null
          },
          "sensitive_attributes": [],
          "private": "eyJlMmJmYjczMC1lY2FhLTExZTYtOGY4OC0zNDM2M2JjN2M0YzAiOnsiY3JlYXRlIjozNjAwMDAwMDAwMDAwLCJkZWxldGUiOjM2MDAwMDAwMDAwMDAsInJlYWQiOjMwMDAwMDAwMDAwMCwidXBkYXRlIjozNjAwMDAwMDAwMDAwfSwic2NoZW1hX3ZlcnNpb24iOiIzIn0=",
          "dependencies": [
            "azurerm_resource_group.Elastic_Search_Group"
          ]
        }
      ]
    },
    {
      "mode": "managed",
      "type": "azurerm_virtual_network",
      "name": "appnetwork",
      "provider": "provider[\"registry.terraform.io/hashicorp/azurerm\"]",
      "instances": [
        {
          "schema_version": 0,
          "attributes": {
            "address_space": [
              "10.0.0.0/16"
            ],
            "bgp_community": "",
            "ddos_protection_plan": [],
            "dns_servers": [],
            "edge_zone": "",
            "flow_timeout_in_minutes": 0,
            "guid": "93058aea-ba8d-4bdf-bd2b-a4fb2845feaa",
            "id": "/subscriptions/ad97bd75-d7fd-4a83-ace8-9e677dc9cf65/resourceGroups/tp-rg2/providers/Microsoft.Network/virtualNetworks/vnet",
            "location": "centralindia",
            "name": "vnet",
            "resource_group_name": "tp-rg2",
            "subnet": [],
            "tags": {},
            "timeouts": null
          },
          "sensitive_attributes": [],
          "private": "eyJlMmJmYjczMC1lY2FhLTExZTYtOGY4OC0zNDM2M2JjN2M0YzAiOnsiY3JlYXRlIjoxODAwMDAwMDAwMDAwLCJkZWxldGUiOjE4MDAwMDAwMDAwMDAsInJlYWQiOjMwMDAwMDAwMDAwMCwidXBkYXRlIjoxODAwMDAwMDAwMDAwfX0="
        }
      ]
    }
  ]
}
